
Microsoft Visual Studio Solution File, Format Version 12.00
# Visual Studio Version 17
VisualStudioVersion = 17.5.002.0
MinimumVisualStudioVersion = 10.0.40219.1
Project("{9A19103F-16F7-4668-BE54-9A1E7A4F7556}") = "resume-api", "resume-api\resume-api.csproj", "{AF8689EF-5077-4268-9EFA-AAB8E23B734D}"
EndProject
Global
	GlobalSection(SolutionConfigurationPlatforms) = preSolution
		Debug|Any CPU = Debug|Any CPU
		Release|Any CPU = Release|Any CPU
	EndGlobalSection
	GlobalSection(ProjectConfigurationPlatforms) = postSolution
		{AF8689EF-5077-4268-9EFA-AAB8E23B734D}.Debug|Any CPU.ActiveCfg = Debug|Any CPU
		{AF8689EF-5077-4268-9EFA-AAB8E23B734D}.Debug|Any CPU.Build.0 = Debug|Any CPU
		{AF8689EF-5077-4268-9EFA-AAB8E23B734D}.Release|Any CPU.ActiveCfg = Release|Any CPU
		{AF8689EF-5077-4268-9EFA-AAB8E23B734D}.Release|Any CPU.Build.0 = Release|Any CPU
	EndGlobalSection
	GlobalSection(SolutionProperties) = preSolution
		HideSolutionNode = FALSE
	EndGlobalSection
	GlobalSection(ExtensibilityGlobals) = postSolution
		SolutionGuid = {8DEBBB98-7AF5-46A3-BC8B-3ADA57D42E45}
	EndGlobalSection
EndGlobal
